
Microsoft Visual Studio Solution File, Format Version 12.00
# Visual Studio Version 16
VisualStudioVersion = 16.0.31105.61
MinimumVisualStudioVersion = 10.0.40219.1
Project("{FAE04EC0-301F-11D3-BF4B-00C04F79EFBC}") = "HttpClientApp.UWP", "HttpClientApp\HttpClientApp.UWP\HttpClientApp.UWP.csproj", "{F7539871-66EC-4736-B214-ED967902CAA7}"
EndProject
Project("{FAE04EC0-301F-11D3-BF4B-00C04F79EFBC}") = "HttpClientApp.Android", "HttpClientApp\HttpClientApp.Android\HttpClientApp.Android.csproj", "{64BCD9FE-DCED-4066-B2F7-B0AF0D6AF139}"
EndProject
Project("{FAE04EC0-301F-11D3-BF4B-00C04F79EFBC}") = "HttpClientApp.iOS", "HttpClientApp\HttpClientApp.iOS\HttpClientApp.iOS.csproj", "{B5EE8571-4557-4978-8AEC-460467712DA5}"
EndProject
Project("{FAE04EC0-301F-11D3-BF4B-00C04F79EFBC}") = "HttpClientApp", "HttpClientApp\HttpClientApp\HttpClientApp.csproj", "{726B82FC-4682-49D5-81E9-9D6888143BEB}"
EndProject
Global
	GlobalSection(SolutionConfigurationPlatforms) = preSolution
		Debug|Any CPU = Debug|Any CPU
		Debug|ARM = Debug|ARM
		Debug|iPhone = Debug|iPhone
		Debug|iPhoneSimulator = Debug|iPhoneSimulator
		Debug|x64 = Debug|x64
		Debug|x86 = Debug|x86
		Release|Any CPU = Release|Any CPU
		Release|ARM = Release|ARM
		Release|iPhone = Release|iPhone
		Release|iPhoneSimulator = Release|iPhoneSimulator
		Release|x64 = Release|x64
		Release|x86 = Release|x86
	EndGlobalSection
	GlobalSection(ProjectConfigurationPlatforms) = postSolution
		{F7539871-66EC-4736-B214-ED967902CAA7}.Debug|Any CPU.ActiveCfg = Debug|x86
		{F7539871-66EC-4736-B214-ED967902CAA7}.Debug|Any CPU.Build.0 = Debug|x86
		{F7539871-66EC-4736-B214-ED967902CAA7}.Debug|Any CPU.Deploy.0 = Debug|x86
		{F7539871-66EC-4736-B214-ED967902CAA7}.Debug|ARM.ActiveCfg = Debug|ARM
		{F7539871-66EC-4736-B214-ED967902CAA7}.Debug|ARM.Build.0 = Debug|ARM
		{F7539871-66EC-4736-B214-ED967902CAA7}.Debug|ARM.Deploy.0 = Debug|ARM
		{F7539871-66EC-4736-B214-ED967902CAA7}.Debug|iPhone.ActiveCfg = Debug|x86
		{F7539871-66EC-4736-B214-ED967902CAA7}.Debug|iPhone.Build.0 = Debug|x86
		{F7539871-66EC-4736-B214-ED967902CAA7}.Debug|iPhone.Deploy.0 = Debug|x86
		{F7539871-66EC-4736-B214-ED967902CAA7}.Debug|iPhoneSimulator.ActiveCfg = Debug|x86
		{F7539871-66EC-4736-B214-ED967902CAA7}.Debug|iPhoneSimulator.Build.0 = Debug|x86
		{F7539871-66EC-4736-B214-ED967902CAA7}.Debug|iPhoneSimulator.Deploy.0 = Debug|x86
		{F7539871-66EC-4736-B214-ED967902CAA7}.Debug|x64.ActiveCfg = Debug|x64
		{F7539871-66EC-4736-B214-ED967902CAA7}.Debug|x64.Build.0 = Debug|x64
		{F7539871-66EC-4736-B214-ED967902CAA7}.Debug|x64.Deploy.0 = Debug|x64
		{F7539871-66EC-4736-B214-ED967902CAA7}.Debug|x86.ActiveCfg = Debug|x86
		{F7539871-66EC-4736-B214-ED967902CAA7}.Debug|x86.Build.0 = Debug|x86
		{F7539871-66EC-4736-B214-ED967902CAA7}.Debug|x86.Deploy.0 = Debug|x86
		{F7539871-66EC-4736-B214-ED967902CAA7}.Release|Any CPU.ActiveCfg = Release|x86
		{F7539871-66EC-4736-B214-ED967902CAA7}.Release|Any CPU.Build.0 = Release|x86
		{F7539871-66EC-4736-B214-ED967902CAA7}.Release|Any CPU.Deploy.0 = Release|x86
		{F7539871-66EC-4736-B214-ED967902CAA7}.Release|ARM.ActiveCfg = Release|ARM
		{F7539871-66EC-4736-B214-ED967902CAA7}.Release|ARM.Build.0 = Release|ARM
		{F7539871-66EC-4736-B214-ED967902CAA7}.Release|ARM.Deploy.0 = Release|ARM
		{F7539871-66EC-4736-B214-ED967902CAA7}.Release|iPhone.ActiveCfg = Release|x86
		{F7539871-66EC-4736-B214-ED967902CAA7}.Release|iPhone.Build.0 = Release|x86
		{F7539871-66EC-4736-B214-ED967902CAA7}.Release|iPhone.Deploy.0 = Release|x86
		{F7539871-66EC-4736-B214-ED967902CAA7}.Release|iPhoneSimulator.ActiveCfg = Release|x86
		{F7539871-66EC-4736-B214-ED967902CAA7}.Release|iPhoneSimulator.Build.0 = Release|x86
		{F7539871-66EC-4736-B214-ED967902CAA7}.Release|iPhoneSimulator.Deploy.0 = Release|x86
		{F7539871-66EC-4736-B214-ED967902CAA7}.Release|x64.ActiveCfg = Release|x64
		{F7539871-66EC-4736-B214-ED967902CAA7}.Release|x64.Build.0 = Release|x64
		{F7539871-66EC-4736-B214-ED967902CAA7}.Release|x64.Deploy.0 = Release|x64
		{F7539871-66EC-4736-B214-ED967902CAA7}.Release|x86.ActiveCfg = Release|x86
		{F7539871-66EC-4736-B214-ED967902CAA7}.Release|x86.Build.0 = Release|x86
		{F7539871-66EC-4736-B214-ED967902CAA7}.Release|x86.Deploy.0 = Release|x86
		{64BCD9FE-DCED-4066-B2F7-B0AF0D6AF139}.Debug|Any CPU.ActiveCfg = Debug|Any CPU
		{64BCD9FE-DCED-4066-B2F7-B0AF0D6AF139}.Debug|Any CPU.Build.0 = Debug|Any CPU
		{64BCD9FE-DCED-4066-B2F7-B0AF0D6AF139}.Debug|Any CPU.Deploy.0 = Debug|Any CPU
		{64BCD9FE-DCED-4066-B2F7-B0AF0D6AF139}.Debug|ARM.ActiveCfg = Debug|Any CPU
		{64BCD9FE-DCED-4066-B2F7-B0AF0D6AF139}.Debug|ARM.Build.0 = Debug|Any CPU
		{64BCD9FE-DCED-4066-B2F7-B0AF0D6AF139}.Debug|ARM.Deploy.0 = Debug|Any CPU
		{64BCD9FE-DCED-4066-B2F7-B0AF0D6AF139}.Debug|iPhone.ActiveCfg = Debug|Any CPU
		{64BCD9FE-DCED-4066-B2F7-B0AF0D6AF139}.Debug|iPhone.Build.0 = Debug|Any CPU
		{64BCD9FE-DCED-4066-B2F7-B0AF0D6AF139}.Debug|iPhone.Deploy.0 = Debug|Any CPU
		{64BCD9FE-DCED-4066-B2F7-B0AF0D6AF139}.Debug|iPhoneSimulator.ActiveCfg = Debug|Any CPU
		{64BCD9FE-DCED-4066-B2F7-B0AF0D6AF139}.Debug|iPhoneSimulator.Build.0 = Debug|Any CPU
		{64BCD9FE-DCED-4066-B2F7-B0AF0D6AF139}.Debug|iPhoneSimulator.Deploy.0 = Debug|Any CPU
		{64BCD9FE-DCED-4066-B2F7-B0AF0D6AF139}.Debug|x64.ActiveCfg = Debug|Any CPU
		{64BCD9FE-DCED-4066-B2F7-B0AF0D6AF139}.Debug|x64.Build.0 = Debug|Any CPU
		{64BCD9FE-DCED-4066-B2F7-B0AF0D6AF139}.Debug|x64.Deploy.0 = Debug|Any CPU
		{64BCD9FE-DCED-4066-B2F7-B0AF0D6AF139}.Debug|x86.ActiveCfg = Debug|Any CPU
		{64BCD9FE-DCED-4066-B2F7-B0AF0D6AF139}.Debug|x86.Build.0 = Debug|Any CPU
		{64BCD9FE-DCED-4066-B2F7-B0AF0D6AF139}.Debug|x86.Deploy.0 = Debug|Any CPU
		{64BCD9FE-DCED-4066-B2F7-B0AF0D6AF139}.Release|Any CPU.ActiveCfg = Release|Any CPU
		{64BCD9FE-DCED-4066-B2F7-B0AF0D6AF139}.Release|Any CPU.Build.0 = Release|Any CPU
		{64BCD9FE-DCED-4066-B2F7-B0AF0D6AF139}.Release|Any CPU.Deploy.0 = Release|Any CPU
		{64BCD9FE-DCED-4066-B2F7-B0AF0D6AF139}.Release|ARM.ActiveCfg = Release|Any CPU
		{64BCD9FE-DCED-4066-B2F7-B0AF0D6AF139}.Release|ARM.Build.0 = Release|Any CPU
		{64BCD9FE-DCED-4066-B2F7-B0AF0D6AF139}.Release|ARM.Deploy.0 = Release|Any CPU
		{64BCD9FE-DCED-4066-B2F7-B0AF0D6AF139}.Release|iPhone.ActiveCfg = Release|Any CPU
		{64BCD9FE-DCED-4066-B2F7-B0AF0D6AF139}.Release|iPhone.Build.0 = Release|Any CPU
		{64BCD9FE-DCED-4066-B2F7-B0AF0D6AF139}.Release|iPhone.Deploy.0 = Release|Any CPU
		{64BCD9FE-DCED-4066-B2F7-B0AF0D6AF139}.Release|iPhoneSimulator.ActiveCfg = Release|Any CPU
		{64BCD9FE-DCED-4066-B2F7-B0AF0D6AF139}.Release|iPhoneSimulator.Build.0 = Release|Any CPU
		{64BCD9FE-DCED-4066-B2F7-B0AF0D6AF139}.Release|iPhoneSimulator.Deploy.0 = Release|Any CPU
		{64BCD9FE-DCED-4066-B2F7-B0AF0D6AF139}.Release|x64.ActiveCfg = Release|Any CPU
		{64BCD9FE-DCED-4066-B2F7-B0AF0D6AF139}.Release|x64.Build.0 = Release|Any CPU
		{64BCD9FE-DCED-4066-B2F7-B0AF0D6AF139}.Release|x64.Deploy.0 = Release|Any CPU
		{64BCD9FE-DCED-4066-B2F7-B0AF0D6AF139}.Release|x86.ActiveCfg = Release|Any CPU
		{64BCD9FE-DCED-4066-B2F7-B0AF0D6AF139}.Release|x86.Build.0 = Release|Any CPU
		{64BCD9FE-DCED-4066-B2F7-B0AF0D6AF139}.Release|x86.Deploy.0 = Release|Any CPU
		{B5EE8571-4557-4978-8AEC-460467712DA5}.Debug|Any CPU.ActiveCfg = Debug|iPhoneSimulator
		{B5EE8571-4557-4978-8AEC-460467712DA5}.Debug|Any CPU.Build.0 = Debug|iPhoneSimulator
		{B5EE8571-4557-4978-8AEC-460467712DA5}.Debug|Any CPU.Deploy.0 = Debug|iPhoneSimulator
		{B5EE8571-4557-4978-8AEC-460467712DA5}.Debug|ARM.ActiveCfg = Debug|iPhone
		{B5EE8571-4557-4978-8AEC-460467712DA5}.Debug|ARM.Build.0 = Debug|iPhone
		{B5EE8571-4557-4978-8AEC-460467712DA5}.Debug|ARM.Deploy.0 = Debug|iPhone
		{B5EE8571-4557-4978-8AEC-460467712DA5}.Debug|iPhone.ActiveCfg = Debug|iPhone
		{B5EE8571-4557-4978-8AEC-460467712DA5}.Debug|iPhone.Build.0 = Debug|iPhone
		{B5EE8571-4557-4978-8AEC-460467712DA5}.Debug|iPhone.Deploy.0 = Debug|iPhone
		{B5EE8571-4557-4978-8AEC-460467712DA5}.Debug|iPhoneSimulator.ActiveCfg = Debug|iPhoneSimulator
		{B5EE8571-4557-4978-8AEC-460467712DA5}.Debug|iPhoneSimulator.Build.0 = Debug|iPhoneSimulator
		{B5EE8571-4557-4978-8AEC-460467712DA5}.Debug|iPhoneSimulator.Deploy.0 = Debug|iPhoneSimulator
		{B5EE8571-4557-4978-8AEC-460467712DA5}.Debug|x64.ActiveCfg = Debug|iPhoneSimulator
		{B5EE8571-4557-4978-8AEC-460467712DA5}.Debug|x64.Build.0 = Debug|iPhoneSimulator
		{B5EE8571-4557-4978-8AEC-460467712DA5}.Debug|x64.Deploy.0 = Debug|iPhoneSimulator
		{B5EE8571-4557-4978-8AEC-460467712DA5}.Debug|x86.ActiveCfg = Debug|iPhoneSimulator
		{B5EE8571-4557-4978-8AEC-460467712DA5}.Debug|x86.Build.0 = Debug|iPhoneSimulator
		{B5EE8571-4557-4978-8AEC-460467712DA5}.Debug|x86.Deploy.0 = Debug|iPhoneSimulator
		{B5EE8571-4557-4978-8AEC-460467712DA5}.Release|Any CPU.ActiveCfg = Release|iPhoneSimulator
		{B5EE8571-4557-4978-8AEC-460467712DA5}.Release|Any CPU.Build.0 = Release|iPhoneSimulator
		{B5EE8571-4557-4978-8AEC-460467712DA5}.Release|Any CPU.Deploy.0 = Release|iPhoneSimulator
		{B5EE8571-4557-4978-8AEC-460467712DA5}.Release|ARM.ActiveCfg = Release|iPhoneSimulator
		{B5EE8571-4557-4978-8AEC-460467712DA5}.Release|ARM.Build.0 = Release|iPhoneSimulator
		{B5EE8571-4557-4978-8AEC-460467712DA5}.Release|ARM.Deploy.0 = Release|iPhoneSimulator
		{B5EE8571-4557-4978-8AEC-460467712DA5}.Release|iPhone.ActiveCfg = Release|iPhone
		{B5EE8571-4557-4978-8AEC-460467712DA5}.Release|iPhone.Build.0 = Release|iPhone
		{B5EE8571-4557-4978-8AEC-460467712DA5}.Release|iPhone.Deploy.0 = Release|iPhone
		{B5EE8571-4557-4978-8AEC-460467712DA5}.Release|iPhoneSimulator.ActiveCfg = Release|iPhoneSimulator
		{B5EE8571-4557-4978-8AEC-460467712DA5}.Release|iPhoneSimulator.Build.0 = Release|iPhoneSimulator
		{B5EE8571-4557-4978-8AEC-460467712DA5}.Release|iPhoneSimulator.Deploy.0 = Release|iPhoneSimulator
		{B5EE8571-4557-4978-8AEC-460467712DA5}.Release|x64.ActiveCfg = Release|iPhoneSimulator
		{B5EE8571-4557-4978-8AEC-460467712DA5}.Release|x64.Build.0 = Release|iPhoneSimulator
		{B5EE8571-4557-4978-8AEC-460467712DA5}.Release|x64.Deploy.0 = Release|iPhoneSimulator
		{B5EE8571-4557-4978-8AEC-460467712DA5}.Release|x86.ActiveCfg = Release|iPhoneSimulator
		{B5EE8571-4557-4978-8AEC-460467712DA5}.Release|x86.Build.0 = Release|iPhoneSimulator
		{B5EE8571-4557-4978-8AEC-460467712DA5}.Release|x86.Deploy.0 = Release|iPhoneSimulator
		{726B82FC-4682-49D5-81E9-9D6888143BEB}.Debug|Any CPU.ActiveCfg = Debug|Any CPU
		{726B82FC-4682-49D5-81E9-9D6888143BEB}.Debug|Any CPU.Build.0 = Debug|Any CPU
		{726B82FC-4682-49D5-81E9-9D6888143BEB}.Debug|Any CPU.Deploy.0 = Debug|Any CPU
		{726B82FC-4682-49D5-81E9-9D6888143BEB}.Debug|ARM.ActiveCfg = Debug|Any CPU
		{726B82FC-4682-49D5-81E9-9D6888143BEB}.Debug|ARM.Build.0 = Debug|Any CPU
		{726B82FC-4682-49D5-81E9-9D6888143BEB}.Debug|ARM.Deploy.0 = Debug|Any CPU
		{726B82FC-4682-49D5-81E9-9D6888143BEB}.Debug|iPhone.ActiveCfg = Debug|Any CPU
		{726B82FC-4682-49D5-81E9-9D6888143BEB}.Debug|iPhone.Build.0 = Debug|Any CPU
		{726B82FC-4682-49D5-81E9-9D6888143BEB}.Debug|iPhone.Deploy.0 = Debug|Any CPU
		{726B82FC-4682-49D5-81E9-9D6888143BEB}.Debug|iPhoneSimulator.ActiveCfg = Debug|Any CPU
		{726B82FC-4682-49D5-81E9-9D6888143BEB}.Debug|iPhoneSimulator.Build.0 = Debug|Any CPU
		{726B82FC-4682-49D5-81E9-9D6888143BEB}.Debug|iPhoneSimulator.Deploy.0 = Debug|Any CPU
		{726B82FC-4682-49D5-81E9-9D6888143BEB}.Debug|x64.ActiveCfg = Debug|Any CPU
		{726B82FC-4682-49D5-81E9-9D6888143BEB}.Debug|x64.Build.0 = Debug|Any CPU
		{726B82FC-4682-49D5-81E9-9D6888143BEB}.Debug|x64.Deploy.0 = Debug|Any CPU
		{726B82FC-4682-49D5-81E9-9D6888143BEB}.Debug|x86.ActiveCfg = Debug|Any CPU
		{726B82FC-4682-49D5-81E9-9D6888143BEB}.Debug|x86.Build.0 = Debug|Any CPU
		{726B82FC-4682-49D5-81E9-9D6888143BEB}.Debug|x86.Deploy.0 = Debug|Any CPU
		{726B82FC-4682-49D5-81E9-9D6888143BEB}.Release|Any CPU.ActiveCfg = Release|Any CPU
		{726B82FC-4682-49D5-81E9-9D6888143BEB}.Release|Any CPU.Build.0 = Release|Any CPU
		{726B82FC-4682-49D5-81E9-9D6888143BEB}.Release|Any CPU.Deploy.0 = Release|Any CPU
		{726B82FC-4682-49D5-81E9-9D6888143BEB}.Release|ARM.ActiveCfg = Release|Any CPU
		{726B82FC-4682-49D5-81E9-9D6888143BEB}.Release|ARM.Build.0 = Release|Any CPU
		{726B82FC-4682-49D5-81E9-9D6888143BEB}.Release|ARM.Deploy.0 = Release|Any CPU
		{726B82FC-4682-49D5-81E9-9D6888143BEB}.Release|iPhone.ActiveCfg = Release|Any CPU
		{726B82FC-4682-49D5-81E9-9D6888143BEB}.Release|iPhone.Build.0 = Release|Any CPU
		{726B82FC-4682-49D5-81E9-9D6888143BEB}.Release|iPhone.Deploy.0 = Release|Any CPU
		{726B82FC-4682-49D5-81E9-9D6888143BEB}.Release|iPhoneSimulator.ActiveCfg = Release|Any CPU
		{726B82FC-4682-49D5-81E9-9D6888143BEB}.Release|iPhoneSimulator.Build.0 = Release|Any CPU
		{726B82FC-4682-49D5-81E9-9D6888143BEB}.Release|iPhoneSimulator.Deploy.0 = Release|Any CPU
		{726B82FC-4682-49D5-81E9-9D6888143BEB}.Release|x64.ActiveCfg = Release|Any CPU
		{726B82FC-4682-49D5-81E9-9D6888143BEB}.Release|x64.Build.0 = Release|Any CPU
		{726B82FC-4682-49D5-81E9-9D6888143BEB}.Release|x64.Deploy.0 = Release|Any CPU
		{726B82FC-4682-49D5-81E9-9D6888143BEB}.Release|x86.ActiveCfg = Release|Any CPU
		{726B82FC-4682-49D5-81E9-9D6888143BEB}.Release|x86.Build.0 = Release|Any CPU
		{726B82FC-4682-49D5-81E9-9D6888143BEB}.Release|x86.Deploy.0 = Release|Any CPU
	EndGlobalSection
	GlobalSection(SolutionProperties) = preSolution
		HideSolutionNode = FALSE
	EndGlobalSection
	GlobalSection(ExtensibilityGlobals) = postSolution
		SolutionGuid = {A0D0CBE0-074F-4A69-9D87-E1FD2F0F17BF}
	EndGlobalSection
EndGlobal
